
Microsoft Visual Studio Solution File, Format Version 12.00
# Visual Studio 2012
Project("{FAE04EC0-301F-11D3-BF4B-00C04F79EFBC}") = "XamarinSample", "XamarinSample\XamarinSample.csproj", "{A6A1123B-09B2-48C4-815C-F7D881627876}"
EndProject
Project("{FAE04EC0-301F-11D3-BF4B-00C04F79EFBC}") = "XamarinSample.UITests", "XamarinSample.UITests\XamarinSample.UITests.csproj", "{EE9D2F43-7E78-49F7-9964-F654E7072C39}"
EndProject
Project("{FAE04EC0-301F-11D3-BF4B-00C04F79EFBC}") = "XamarinSample.MvvmCross.ViewModels", "XamarinSample.MvvmCross.ViewModels\XamarinSample.MvvmCross.ViewModels.csproj", "{5C1CCD04-9F64-4738-A5A4-F99BA92519DE}"
EndProject
Project("{FAE04EC0-301F-11D3-BF4B-00C04F79EFBC}") = "XamarinSample.ReactiveUI.ViewModels", "XamarinSample.ReactiveUI.ViewModels\XamarinSample.ReactiveUI.ViewModels.csproj", "{837D1D7E-9141-45CC-996A-AA38AE820824}"
EndProject
Global
	GlobalSection(SolutionConfigurationPlatforms) = preSolution
		Debug|iPhoneSimulator = Debug|iPhoneSimulator
		Release|iPhone = Release|iPhone
		Release|iPhoneSimulator = Release|iPhoneSimulator
		Debug|iPhone = Debug|iPhone
		Debug|Any CPU = Debug|Any CPU
		Release|Any CPU = Release|Any CPU
	EndGlobalSection
	GlobalSection(ProjectConfigurationPlatforms) = postSolution
		{A6A1123B-09B2-48C4-815C-F7D881627876}.Debug|iPhoneSimulator.ActiveCfg = Debug|iPhoneSimulator
		{A6A1123B-09B2-48C4-815C-F7D881627876}.Debug|iPhoneSimulator.Build.0 = Debug|iPhoneSimulator
		{A6A1123B-09B2-48C4-815C-F7D881627876}.Release|iPhone.ActiveCfg = Release|iPhone
		{A6A1123B-09B2-48C4-815C-F7D881627876}.Release|iPhone.Build.0 = Release|iPhone
		{A6A1123B-09B2-48C4-815C-F7D881627876}.Release|iPhoneSimulator.ActiveCfg = Release|iPhoneSimulator
		{A6A1123B-09B2-48C4-815C-F7D881627876}.Release|iPhoneSimulator.Build.0 = Release|iPhoneSimulator
		{A6A1123B-09B2-48C4-815C-F7D881627876}.Debug|iPhone.ActiveCfg = Debug|iPhone
		{A6A1123B-09B2-48C4-815C-F7D881627876}.Debug|iPhone.Build.0 = Debug|iPhone
		{A6A1123B-09B2-48C4-815C-F7D881627876}.Debug|Any CPU.ActiveCfg = Debug|iPhoneSimulator
		{A6A1123B-09B2-48C4-815C-F7D881627876}.Debug|Any CPU.Build.0 = Debug|iPhoneSimulator
		{A6A1123B-09B2-48C4-815C-F7D881627876}.Release|Any CPU.ActiveCfg = Release|iPhone
		{A6A1123B-09B2-48C4-815C-F7D881627876}.Release|Any CPU.Build.0 = Release|iPhone
		{EE9D2F43-7E78-49F7-9964-F654E7072C39}.Debug|iPhoneSimulator.ActiveCfg = Debug|Any CPU
		{EE9D2F43-7E78-49F7-9964-F654E7072C39}.Debug|iPhoneSimulator.Build.0 = Debug|Any CPU
		{EE9D2F43-7E78-49F7-9964-F654E7072C39}.Release|iPhone.ActiveCfg = Release|Any CPU
		{EE9D2F43-7E78-49F7-9964-F654E7072C39}.Release|iPhone.Build.0 = Release|Any CPU
		{EE9D2F43-7E78-49F7-9964-F654E7072C39}.Release|iPhoneSimulator.ActiveCfg = Release|Any CPU
		{EE9D2F43-7E78-49F7-9964-F654E7072C39}.Release|iPhoneSimulator.Build.0 = Release|Any CPU
		{EE9D2F43-7E78-49F7-9964-F654E7072C39}.Debug|iPhone.ActiveCfg = Debug|Any CPU
		{EE9D2F43-7E78-49F7-9964-F654E7072C39}.Debug|iPhone.Build.0 = Debug|Any CPU
		{EE9D2F43-7E78-49F7-9964-F654E7072C39}.Debug|Any CPU.ActiveCfg = Debug|Any CPU
		{EE9D2F43-7E78-49F7-9964-F654E7072C39}.Debug|Any CPU.Build.0 = Debug|Any CPU
		{EE9D2F43-7E78-49F7-9964-F654E7072C39}.Release|Any CPU.ActiveCfg = Release|Any CPU
		{EE9D2F43-7E78-49F7-9964-F654E7072C39}.Release|Any CPU.Build.0 = Release|Any CPU
		{5C1CCD04-9F64-4738-A5A4-F99BA92519DE}.Debug|iPhoneSimulator.ActiveCfg = Debug|Any CPU
		{5C1CCD04-9F64-4738-A5A4-F99BA92519DE}.Debug|iPhoneSimulator.Build.0 = Debug|Any CPU
		{5C1CCD04-9F64-4738-A5A4-F99BA92519DE}.Release|iPhone.ActiveCfg = Release|Any CPU
		{5C1CCD04-9F64-4738-A5A4-F99BA92519DE}.Release|iPhone.Build.0 = Release|Any CPU
		{5C1CCD04-9F64-4738-A5A4-F99BA92519DE}.Release|iPhoneSimulator.ActiveCfg = Release|Any CPU
		{5C1CCD04-9F64-4738-A5A4-F99BA92519DE}.Release|iPhoneSimulator.Build.0 = Release|Any CPU
		{5C1CCD04-9F64-4738-A5A4-F99BA92519DE}.Debug|iPhone.ActiveCfg = Debug|Any CPU
		{5C1CCD04-9F64-4738-A5A4-F99BA92519DE}.Debug|iPhone.Build.0 = Debug|Any CPU
		{5C1CCD04-9F64-4738-A5A4-F99BA92519DE}.Debug|Any CPU.ActiveCfg = Debug|Any CPU
		{5C1CCD04-9F64-4738-A5A4-F99BA92519DE}.Debug|Any CPU.Build.0 = Debug|Any CPU
		{5C1CCD04-9F64-4738-A5A4-F99BA92519DE}.Release|Any CPU.ActiveCfg = Release|Any CPU
		{5C1CCD04-9F64-4738-A5A4-F99BA92519DE}.Release|Any CPU.Build.0 = Release|Any CPU
		{837D1D7E-9141-45CC-996A-AA38AE820824}.Debug|iPhoneSimulator.ActiveCfg = Debug|Any CPU
		{837D1D7E-9141-45CC-996A-AA38AE820824}.Debug|iPhoneSimulator.Build.0 = Debug|Any CPU
		{837D1D7E-9141-45CC-996A-AA38AE820824}.Release|iPhone.ActiveCfg = Release|Any CPU
		{837D1D7E-9141-45CC-996A-AA38AE820824}.Release|iPhone.Build.0 = Release|Any CPU
		{837D1D7E-9141-45CC-996A-AA38AE820824}.Release|iPhoneSimulator.ActiveCfg = Release|Any CPU
		{837D1D7E-9141-45CC-996A-AA38AE820824}.Release|iPhoneSimulator.Build.0 = Release|Any CPU
		{837D1D7E-9141-45CC-996A-AA38AE820824}.Debug|iPhone.ActiveCfg = Debug|Any CPU
		{837D1D7E-9141-45CC-996A-AA38AE820824}.Debug|iPhone.Build.0 = Debug|Any CPU
		{837D1D7E-9141-45CC-996A-AA38AE820824}.Debug|Any CPU.ActiveCfg = Debug|Any CPU
		{837D1D7E-9141-45CC-996A-AA38AE820824}.Debug|Any CPU.Build.0 = Debug|Any CPU
		{837D1D7E-9141-45CC-996A-AA38AE820824}.Release|Any CPU.ActiveCfg = Release|Any CPU
		{837D1D7E-9141-45CC-996A-AA38AE820824}.Release|Any CPU.Build.0 = Release|Any CPU
	EndGlobalSection
EndGlobal
